<?xml version="1.0" encoding="UTF-8"?>
<Scheme
   LastUpgradeVersion = "2640"
   version = "1.7">
   <BuildAction
      parallelizeBuildables = "YES"
      buildImplicitDependencies = "YES">
      <BuildActionEntries>
         <BuildActionEntry
            buildForTesting = "YES"
            buildForRunning = "YES"
            buildForProfiling = "YES"
            buildForArchiving = "YES"
            buildForAnalyzing = "YES">
            <BuildableReference
               BuildableIdentifier = "primary"
               BlueprintIdentifier = "CE0000000000000000000008"
               BuildableName = "ClaudeMonitor.app"
               BlueprintName = "ClaudeMonitor"
               ReferencedContainer = "container:ClaudeMonitor.xcodeproj">
            </BuildableReference>
         </BuildActionEntry>
      </BuildActionEntries>
   </BuildAction>
   <!-- Bewusst KEINE TestAction.

        Eine TestAction mit leerem <Testables> meldet bei `xcodebuild test`
        TEST SUCCEEDED, ohne einen einzigen Test ausgeführt zu haben — ein
        grüner Lauf ohne Beweiskraft. Ohne TestAction bricht `xcodebuild test`
        stattdessen laut ab („not currently configured for the test action").

        Getestet wird ausschließlich über `swift test` in Core/ und Shared/.
        Ein Xcode-Testrunner ist hier auch aus einem zweiten Grund unerwünscht:
        Er würde die App-Group-Zugriffe in den unsichtbaren macOS-
        Zustimmungsdialog laufen lassen und endlos blockieren (siehe
        Shared/Sources/ClaudeMonitorShared/AppGroupEntitlement.swift). -->
   <LaunchAction
      buildConfiguration = "Debug"
      selectedDebuggerIdentifier = "Xcode.DebuggerFoundation.Debugger.LLDB"
      selectedLauncherIdentifier = "Xcode.DebuggerFoundation.Launcher.LLDB"
      launchStyle = "0"
      useCustomWorkingDirectory = "NO"
      ignoresPersistentStateOnLaunch = "NO"
      debugDocumentVersioning = "YES"
      debugServiceExtension = "internal"
      allowLocationSimulation = "YES">
      <BuildableProductRunnable
         runnableDebuggingMode = "0">
         <BuildableReference
            BuildableIdentifier = "primary"
            BlueprintIdentifier = "CE0000000000000000000008"
            BuildableName = "ClaudeMonitor.app"
            BlueprintName = "ClaudeMonitor"
            ReferencedContainer = "container:ClaudeMonitor.xcodeproj">
         </BuildableReference>
      </BuildableProductRunnable>
   </LaunchAction>
   <ProfileAction
      buildConfiguration = "Release"
      shouldUseLaunchSchemeArgsEnv = "YES"
      savedToolIdentifier = ""
      useCustomWorkingDirectory = "NO"
      debugDocumentVersioning = "YES">
      <BuildableProductRunnable
         runnableDebuggingMode = "0">
         <BuildableReference
            BuildableIdentifier = "primary"
            BlueprintIdentifier = "CE0000000000000000000008"
            BuildableName = "ClaudeMonitor.app"
            BlueprintName = "ClaudeMonitor"
            ReferencedContainer = "container:ClaudeMonitor.xcodeproj">
         </BuildableReference>
      </BuildableProductRunnable>
   </ProfileAction>
   <AnalyzeAction
      buildConfiguration = "Debug">
   </AnalyzeAction>
   <ArchiveAction
      buildConfiguration = "Release"
      revealArchiveInOrganizer = "YES">
   </ArchiveAction>
</Scheme>
